
Microsoft Visual Studio Solution File, Format Version 12.00
# Visual Studio Version 17
VisualStudioVersion = 17.3.32929.385
MinimumVisualStudioVersion = 10.0.40219.1
Project("{FAE04EC0-301F-11D3-BF4B-00C04F79EFBC}") = "YogaVision", "YogaVision\YogaVision.csproj", "{7F67E709-3338-45B2-9664-7A1EF9B90283}"
EndProject
Project("{FAE04EC0-301F-11D3-BF4B-00C04F79EFBC}") = "YogaVision.Core", "YogaVision.Core\YogaVision.Core.csproj", "{53369C8B-F536-4939-93B2-238E232C822A}"
EndProject
Project("{FAE04EC0-301F-11D3-BF4B-00C04F79EFBC}") = "YogaVision.Infrastructure", "YogaVision.Infrastructure\YogaVision.Infrastructure.csproj", "{1D99D097-82FE-4F04-AB59-5622F74DFF25}"
EndProject
Global
	GlobalSection(SolutionConfigurationPlatforms) = preSolution
		Debug|Any CPU = Debug|Any CPU
		Release|Any CPU = Release|Any CPU
	EndGlobalSection
	GlobalSection(ProjectConfigurationPlatforms) = postSolution
		{7F67E709-3338-45B2-9664-7A1EF9B90283}.Debug|Any CPU.ActiveCfg = Debug|Any CPU
		{7F67E709-3338-45B2-9664-7A1EF9B90283}.Debug|Any CPU.Build.0 = Debug|Any CPU
		{7F67E709-3338-45B2-9664-7A1EF9B90283}.Release|Any CPU.ActiveCfg = Release|Any CPU
		{7F67E709-3338-45B2-9664-7A1EF9B90283}.Release|Any CPU.Build.0 = Release|Any CPU
		{53369C8B-F536-4939-93B2-238E232C822A}.Debug|Any CPU.ActiveCfg = Debug|Any CPU
		{53369C8B-F536-4939-93B2-238E232C822A}.Debug|Any CPU.Build.0 = Debug|Any CPU
		{53369C8B-F536-4939-93B2-238E232C822A}.Release|Any CPU.ActiveCfg = Release|Any CPU
		{53369C8B-F536-4939-93B2-238E232C822A}.Release|Any CPU.Build.0 = Release|Any CPU
		{1D99D097-82FE-4F04-AB59-5622F74DFF25}.Debug|Any CPU.ActiveCfg = Debug|Any CPU
		{1D99D097-82FE-4F04-AB59-5622F74DFF25}.Debug|Any CPU.Build.0 = Debug|Any CPU
		{1D99D097-82FE-4F04-AB59-5622F74DFF25}.Release|Any CPU.ActiveCfg = Release|Any CPU
		{1D99D097-82FE-4F04-AB59-5622F74DFF25}.Release|Any CPU.Build.0 = Release|Any CPU
	EndGlobalSection
	GlobalSection(SolutionProperties) = preSolution
		HideSolutionNode = FALSE
	EndGlobalSection
	GlobalSection(ExtensibilityGlobals) = postSolution
		SolutionGuid = {6D384CD3-176F-4451-B796-5FCC74458A92}
	EndGlobalSection
EndGlobal
